
Microsoft Visual Studio Solution File, Format Version 12.00
# Visual Studio Version 17
VisualStudioVersion = 17.0.31903.59
MinimumVisualStudioVersion = 10.0.40219.1
Project("{FAE04EC0-301F-11D3-BF4B-00C04F79EFBC}") = "Domain", "Domain\Domain.csproj", "{CD33ABC4-BBB9-4FF0-85F1-DE2E4FE44079}"
EndProject
Project("{FAE04EC0-301F-11D3-BF4B-00C04F79EFBC}") = "Infrastructure", "Infrastructure\Infrastructure.csproj", "{F3698A71-C0B8-4A97-BE7D-A24B72A02DDC}"
EndProject
Project("{FAE04EC0-301F-11D3-BF4B-00C04F79EFBC}") = "MainApp", "MainApp\MainApp.csproj", "{1EB79B9E-6C63-450B-9404-775198665424}"
EndProject
Project("{FAE04EC0-301F-11D3-BF4B-00C04F79EFBC}") = "WebApi", "WebApi\WebApi.csproj", "{4EC8C86F-F38F-4F9E-9C22-33DEC0C8BC4F}"
EndProject
Global
	GlobalSection(SolutionConfigurationPlatforms) = preSolution
		Debug|Any CPU = Debug|Any CPU
		Release|Any CPU = Release|Any CPU
	EndGlobalSection
	GlobalSection(SolutionProperties) = preSolution
		HideSolutionNode = FALSE
	EndGlobalSection
	GlobalSection(ProjectConfigurationPlatforms) = postSolution
		{CD33ABC4-BBB9-4FF0-85F1-DE2E4FE44079}.Debug|Any CPU.ActiveCfg = Debug|Any CPU
		{CD33ABC4-BBB9-4FF0-85F1-DE2E4FE44079}.Debug|Any CPU.Build.0 = Debug|Any CPU
		{CD33ABC4-BBB9-4FF0-85F1-DE2E4FE44079}.Release|Any CPU.ActiveCfg = Release|Any CPU
		{CD33ABC4-BBB9-4FF0-85F1-DE2E4FE44079}.Release|Any CPU.Build.0 = Release|Any CPU
		{F3698A71-C0B8-4A97-BE7D-A24B72A02DDC}.Debug|Any CPU.ActiveCfg = Debug|Any CPU
		{F3698A71-C0B8-4A97-BE7D-A24B72A02DDC}.Debug|Any CPU.Build.0 = Debug|Any CPU
		{F3698A71-C0B8-4A97-BE7D-A24B72A02DDC}.Release|Any CPU.ActiveCfg = Release|Any CPU
		{F3698A71-C0B8-4A97-BE7D-A24B72A02DDC}.Release|Any CPU.Build.0 = Release|Any CPU
		{1EB79B9E-6C63-450B-9404-775198665424}.Debug|Any CPU.ActiveCfg = Debug|Any CPU
		{1EB79B9E-6C63-450B-9404-775198665424}.Debug|Any CPU.Build.0 = Debug|Any CPU
		{1EB79B9E-6C63-450B-9404-775198665424}.Release|Any CPU.ActiveCfg = Release|Any CPU
		{1EB79B9E-6C63-450B-9404-775198665424}.Release|Any CPU.Build.0 = Release|Any CPU
		{4EC8C86F-F38F-4F9E-9C22-33DEC0C8BC4F}.Debug|Any CPU.ActiveCfg = Debug|Any CPU
		{4EC8C86F-F38F-4F9E-9C22-33DEC0C8BC4F}.Debug|Any CPU.Build.0 = Debug|Any CPU
		{4EC8C86F-F38F-4F9E-9C22-33DEC0C8BC4F}.Release|Any CPU.ActiveCfg = Release|Any CPU
		{4EC8C86F-F38F-4F9E-9C22-33DEC0C8BC4F}.Release|Any CPU.Build.0 = Release|Any CPU
	EndGlobalSection
EndGlobal
